
Microsoft Visual Studio Solution File, Format Version 12.00
# Visual Studio 14
VisualStudioVersion = 14.0.25420.1
MinimumVisualStudioVersion = 10.0.40219.1
Project("{FAE04EC0-301F-11D3-BF4B-00C04F79EFBC}") = "Services.Rest.Server", "Services.Rest.Server\Services.Rest.Server.csproj", "{6AD8B686-77A4-42C0-BA14-95D8AF51E92C}"
EndProject
Project("{FAE04EC0-301F-11D3-BF4B-00C04F79EFBC}") = "Services.Rest.Client", "Services.Rest.Client\Services.Rest.Client.csproj", "{56DB34C3-163D-4DFE-81F0-30F1E054770A}"
EndProject
Global
	GlobalSection(SolutionConfigurationPlatforms) = preSolution
		Debug|Any CPU = Debug|Any CPU
		Release|Any CPU = Release|Any CPU
	EndGlobalSection
	GlobalSection(ProjectConfigurationPlatforms) = postSolution
		{6AD8B686-77A4-42C0-BA14-95D8AF51E92C}.Debug|Any CPU.ActiveCfg = Debug|Any CPU
		{6AD8B686-77A4-42C0-BA14-95D8AF51E92C}.Debug|Any CPU.Build.0 = Debug|Any CPU
		{6AD8B686-77A4-42C0-BA14-95D8AF51E92C}.Release|Any CPU.ActiveCfg = Release|Any CPU
		{6AD8B686-77A4-42C0-BA14-95D8AF51E92C}.Release|Any CPU.Build.0 = Release|Any CPU
		{56DB34C3-163D-4DFE-81F0-30F1E054770A}.Debug|Any CPU.ActiveCfg = Debug|Any CPU
		{56DB34C3-163D-4DFE-81F0-30F1E054770A}.Debug|Any CPU.Build.0 = Debug|Any CPU
		{56DB34C3-163D-4DFE-81F0-30F1E054770A}.Release|Any CPU.ActiveCfg = Release|Any CPU
		{56DB34C3-163D-4DFE-81F0-30F1E054770A}.Release|Any CPU.Build.0 = Release|Any CPU
	EndGlobalSection
	GlobalSection(SolutionProperties) = preSolution
		HideSolutionNode = FALSE
	EndGlobalSection
EndGlobal
